
Microsoft Visual Studio Solution File, Format Version 12.00
# Visual Studio Version 16
VisualStudioVersion = 16.0.30804.86
MinimumVisualStudioVersion = 10.0.40219.1
Project("{9A19103F-16F7-4668-BE54-9A1E7A4F7556}") = "BlockChain", "BlockChain\BlockChain.csproj", "{5BA09058-21E8-43B3-9283-973558372B4D}"
EndProject
Global
	GlobalSection(SolutionConfigurationPlatforms) = preSolution
		Debug|Any CPU = Debug|Any CPU
		Release|Any CPU = Release|Any CPU
	EndGlobalSection
	GlobalSection(ProjectConfigurationPlatforms) = postSolution
		{5BA09058-21E8-43B3-9283-973558372B4D}.Debug|Any CPU.ActiveCfg = Debug|Any CPU
		{5BA09058-21E8-43B3-9283-973558372B4D}.Debug|Any CPU.Build.0 = Debug|Any CPU
		{5BA09058-21E8-43B3-9283-973558372B4D}.Release|Any CPU.ActiveCfg = Release|Any CPU
		{5BA09058-21E8-43B3-9283-973558372B4D}.Release|Any CPU.Build.0 = Release|Any CPU
	EndGlobalSection
	GlobalSection(SolutionProperties) = preSolution
		HideSolutionNode = FALSE
	EndGlobalSection
	GlobalSection(ExtensibilityGlobals) = postSolution
		SolutionGuid = {61B2FEEF-63A9-4B82-9BBA-B92610065C06}
	EndGlobalSection
EndGlobal
